{
  "name": "chatRoom",
  "version": "1.0.0",
  "lockfileVersion": 1,
  "requires": true,
  "dependencies": {
    "asn1": {
      "version": "0.2.4",
      "resolved": "https://registry.npm.taobao.org/asn1/download/asn1-0.2.4.tgz",
      "integrity": "sha1-jSR136tVO7M+d7VOWeiAu4ziMTY=",
      "requires": {
        "safer-buffer": "~2.1.0"
      }
    },
    "crypto-js": {
      "version": "3.1.9-1",
      "resolved": "https://registry.npm.taobao.org/crypto-js/download/crypto-js-3.1.9-1.tgz",
      "integrity": "sha1-/aGedh/Ad+Af+/3G6f38WeiAbNg="
    },
    "cuid": {
      "version": "2.1.8",
      "resolved": "https://registry.npm.taobao.org/cuid/download/cuid-2.1.8.tgz",
      "integrity": "sha1-y7iPlUFx4NV0dgbAE5+2XFEB6sA="
    },
    "node-rsa": {
      "version": "1.0.7",
      "resolved": "https://registry.npm.taobao.org/node-rsa/download/node-rsa-1.0.7.tgz",
      "integrity": "sha1-hbem1vqO5iS+ZAKmtBvkknLVgFU=",
      "requires": {
        "asn1": "^0.2.4"
      }
    },
    "safer-buffer": {
      "version": "2.1.2",
      "resolved": "https://registry.npm.taobao.org/safer-buffer/download/safer-buffer-2.1.2.tgz",
      "integrity": "sha1-RPoWGwGHuVSd2Eu5GAL5vYOFzWo="
    },
    "ws": {
      "version": "7.2.1",
      "resolved": "https://registry.npm.taobao.org/ws/download/ws-7.2.1.tgz",
      "integrity": "sha1-A+1SQjzXRAhLLPQu0ZfItlqTa44="
    }
  }
}
